// !$*UTF8*$!
{
	archiveVersion = 1;
	classes = {
	};
	objectVersion = 50;
	objects = {

/* Begin PBXBuildFile section */
		6EE9E8FE2684D81A00DA3FE9 /* AppDelegate.m in Sources */ = {isa = PBXBuildFile; fileRef = 6EE9E8FD2684D81A00DA3FE9 /* AppDelegate.m */; };
		6EE9E9012684D81A00DA3FE9 /* SceneDelegate.m in Sources */ = {isa = PBXBuildFile; fileRef = 6EE9E9002684D81A00DA3FE9 /* SceneDelegate.m */; };
		6EE9E9042684D81A00DA3FE9 /* ViewController.m in Sources */ = {isa = PBXBuildFile; fileRef = 6EE9E9032684D81A00DA3FE9 /* ViewController.m */; };
		6EE9E9072684D81A00DA3FE9 /* Main.storyboard in Resources */ = {isa = PBXBuildFile; fileRef = 6EE9E9052684D81A00DA3FE9 /* Main.storyboard */; };
		6EE9E9092684D81B00DA3FE9 /* Assets.xcassets in Resources */ = {isa = PBXBuildFile; fileRef = 6EE9E9082684D81B00DA3FE9 /* Assets.xcassets */; };
		6EE9E90C2684D81B00DA3FE9 /* LaunchScreen.storyboard in Resources */ = {isa = PBXBuildFile; fileRef = 6EE9E90A2684D81B00DA3FE9 /* LaunchScreen.storyboard */; };
		6EE9E90F2684D81B00DA3FE9 /* main.m in Sources */ = {isa = PBXBuildFile; fileRef = 6EE9E90E2684D81B00DA3FE9 /* main.m */; };
		6EE9E9192684D81C00DA3FE9 /* TumblrTests.m in Sources */ = {isa = PBXBuildFile; fileRef = 6EE9E9182684D81C00DA3FE9 /* TumblrTests.m */; };
		6EE9E9242684D81C00DA3FE9 /* TumblrUITests.m in Sources */ = {isa = PBXBuildFile; fileRef = 6EE9E9232684D81C00DA3FE9 /* TumblrUITests.m */; };
/* End PBXBuildFile section */

/* Begin PBXContainerItemProxy section */
		6EE9E9152684D81C00DA3FE9 /* PBXContainerItemProxy */ = {
			isa = PBXContainerItemProxy;
			containerPortal = 6EE9E8F12684D81A00DA3FE9 /* Project object */;
			proxyType = 1;
			remoteGlobalIDString = 6EE9E8F82684D81A00DA3FE9;
			remoteInfo = Tumblr;
		};
		6EE9E9202684D81C00DA3FE9 /* PBXContainerItemProxy */ = {
			isa = PBXContainerItemProxy;
			containerPortal = 6EE9E8F12684D81A00DA3FE9 /* Project object */;
			proxyType = 1;
			remoteGlobalIDString = 6EE9E8F82684D81A00DA3FE9;
			remoteInfo = Tumblr;
		};
/* End PBXContainerItemProxy section */

/* Begin PBXFileReference section */
		6EE9E8F92684D81A00DA3FE9 /* Tumblr.app */ = {isa = PBXFileReference; explicitFileType = wrapper.application; includeInIndex = 0; path = Tumblr.app; sourceTree = BUILT_PRODUCTS_DIR; };
		6EE9E8FC2684D81A00DA3FE9 /* AppDelegate.h */ = {isa = PBXFileReference; lastKnownFileType = sourcecode.c.h; path = AppDelegate.h; sourceTree = "<group>"; };
		6EE9E8FD2684D81A00DA3FE9 /* AppDelegate.m */ = {isa = PBXFileReference; lastKnownFileType = sourcecode.c.objc; path = AppDelegate.m; sourceTree = "<group>"; };
		6EE9E8FF2684D81A00DA3FE9 /* SceneDelegate.h */ = {isa = PBXFileReference; lastKnownFileType = sourcecode.c.h; path = SceneDelegate.h; sourceTree = "<group>"; };
		6EE9E9002684D81A00DA3FE9 /* SceneDelegate.m */ = {isa = PBXFileReference; lastKnownFileType = sourcecode.c.objc; path = SceneDelegate.m; sourceTree = "<group>"; };
		6EE9E9022684D81A00DA3FE9 /* ViewController.h */ = {isa = PBXFileReference; lastKnownFileType = sourcecode.c.h; path = ViewController.h; sourceTree = "<group>"; };
		6EE9E9032684D81A00DA3FE9 /* ViewController.m */ = {isa = PBXFileReference; lastKnownFileType = sourcecode.c.objc; path = ViewController.m; sourceTree = "<group>"; };
		6EE9E9062684D81A00DA3FE9 /* Base */ = {isa = PBXFileReference; lastKnownFileType = file.storyboard; name = Base; path = Base.lproj/Main.storyboard; sourceTree = "<group>"; };
		6EE9E9082684D81B00DA3FE9 /* Assets.xcassets */ = {isa = PBXFileReference; lastKnownFileType = folder.assetcatalog; path = Assets.xcassets; sourceTree = "<group>"; };
		6EE9E90B2684D81B00DA3FE9 /* Base */ = {isa = PBXFileReference; lastKnownFileType = file.storyboard; name = Base; path = Base.lproj/LaunchScreen.storyboard; sourceTree = "<group>"; };
		6EE9E90D2684D81B00DA3FE9 /* Info.plist */ = {isa = PBXFileReference; lastKnownFileType = text.plist.xml; path = Info.plist; sourceTree = "<group>"; };
		6EE9E90E2684D81B00DA3FE9 /* main.m */ = {isa = PBXFileReference; lastKnownFileType = sourcecode.c.objc; path = main.m; sourceTree = "<group>"; };
		6EE9E9142684D81C00DA3FE9 /* TumblrTests.xctest */ = {isa = PBXFileReference; explicitFileType = wrapper.cfbundle; includeInIndex = 0; path = TumblrTests.xctest; sourceTree = BUILT_PRODUCTS_DIR; };
		6EE9E9182684D81C00DA3FE9 /* TumblrTests.m */ = {isa = PBXFileReference; lastKnownFileType = sourcecode.c.objc; path = TumblrTests.m; sourceTree = "<group>"; };
		6EE9E91A2684D81C00DA3FE9 /* Info.plist */ = {isa = PBXFileReference; lastKnownFileType = text.plist.xml; path = Info.plist; sourceTree = "<group>"; };
		6EE9E91F2684D81C00DA3FE9 /* TumblrUITests.xctest */ = {isa = PBXFileReference; explicitFileType = wrapper.cfbundle; includeInIndex = 0; path = TumblrUITests.xctest; sourceTree = BUILT_PRODUCTS_DIR; };
		6EE9E9232684D81C00DA3FE9 /* TumblrUITests.m */ = {isa = PBXFileReference; lastKnownFileType = sourcecode.c.objc; path = TumblrUITests.m; sourceTree = "<group>"; };
		6EE9E9252684D81C00DA3FE9 /* Info.plist */ = {isa = PBXFileReference; lastKnownFileType = text.plist.xml; path = Info.plist; sourceTree = "<group>"; };
/* End PBXFileReference section */

/* Begin PBXFrameworksBuildPhase section */
		6EE9E8F62684D81A00DA3FE9 /* Frameworks */ = {
			isa = PBXFrameworksBuildPhase;
			buildActionMask = 2147483647;
			files = (
			);
			runOnlyForDeploymentPostprocessing = 0;
		};
		6EE9E9112684D81C00DA3FE9 /* Frameworks */ = {
			isa = PBXFrameworksBuildPhase;
			buildActionMask = 2147483647;
			files = (
			);
			runOnlyForDeploymentPostprocessing = 0;
		};
		6EE9E91C2684D81C00DA3FE9 /* Frameworks */ = {
			isa = PBXFrameworksBuildPhase;
			buildActionMask = 2147483647;
			files = (
			);
			runOnlyForDeploymentPostprocessing = 0;
		};
/* End PBXFrameworksBuildPhase section */

/* Begin PBXGroup section */
		6EE9E8F02684D81A00DA3FE9 = {
			isa = PBXGroup;
			children = (
				6EE9E8FB2684D81A00DA3FE9 /* Tumblr */,
				6EE9E9172684D81C00DA3FE9 /* TumblrTests */,
				6EE9E9222684D81C00DA3FE9 /* TumblrUITests */,
				6EE9E8FA2684D81A00DA3FE9 /* Products */,
			);
			sourceTree = "<group>";
		};
		6EE9E8FA2684D81A00DA3FE9 /* Products */ = {
			isa = PBXGroup;
			children = (
				6EE9E8F92684D81A00DA3FE9 /* Tumblr.app */,
				6EE9E9142684D81C00DA3FE9 /* TumblrTests.xctest */,
				6EE9E91F2684D81C00DA3FE9 /* TumblrUITests.xctest */,
			);
			name = Products;
			sourceTree = "<group>";
		};
		6EE9E8FB2684D81A00DA3FE9 /* Tumblr */ = {
			isa = PBXGroup;
			children = (
				6EE9E8FC2684D81A00DA3FE9 /* AppDelegate.h */,
				6EE9E8FD2684D81A00DA3FE9 /* AppDelegate.m */,
				6EE9E8FF2684D81A00DA3FE9 /* SceneDelegate.h */,
				6EE9E9002684D81A00DA3FE9 /* SceneDelegate.m */,
				6EE9E9022684D81A00DA3FE9 /* ViewController.h */,
				6EE9E9032684D81A00DA3FE9 /* ViewController.m */,
				6EE9E9052684D81A00DA3FE9 /* Main.storyboard */,
				6EE9E9082684D81B00DA3FE9 /* Assets.xcassets */,
				6EE9E90A2684D81B00DA3FE9 /* LaunchScreen.storyboard */,
				6EE9E90D2684D81B00DA3FE9 /* Info.plist */,
				6EE9E90E2684D81B00DA3FE9 /* main.m */,
			);
			path = Tumblr;
			sourceTree = "<group>";
		};
		6EE9E9172684D81C00DA3FE9 /* TumblrTests */ = {
			isa = PBXGroup;
			children = (
				6EE9E9182684D81C00DA3FE9 /* TumblrTests.m */,
				6EE9E91A2684D81C00DA3FE9 /* Info.plist */,
			);
			path = TumblrTests;
			sourceTree = "<group>";
		};
		6EE9E9222684D81C00DA3FE9 /* TumblrUITests */ = {
			isa = PBXGroup;
			children = (
				6EE9E9232684D81C00DA3FE9 /* TumblrUITests.m */,
				6EE9E9252684D81C00DA3FE9 /* Info.plist */,
			);
			path = TumblrUITests;
			sourceTree = "<group>";
		};
/* End PBXGroup section */

/* Begin PBXNativeTarget section */
		6EE9E8F82684D81A00DA3FE9 /* Tumblr */ = {
			isa = PBXNativeTarget;
			buildConfigurationList = 6EE9E9282684D81C00DA3FE9 /* Build configuration list for PBXNativeTarget "Tumblr" */;
			buildPhases = (
				6EE9E8F52684D81A00DA3FE9 /* Sources */,
				6EE9E8F62684D81A00DA3FE9 /* Frameworks */,
				6EE9E8F72684D81A00DA3FE9 /* Resources */,
			);
			buildRules = (
			);
			dependencies = (
			);
			name = Tumblr;
			productName = Tumblr;
			productReference = 6EE9E8F92684D81A00DA3FE9 /* Tumblr.app */;
			productType = "com.apple.product-type.application";
		};
		6EE9E9132684D81C00DA3FE9 /* TumblrTests */ = {
			isa = PBXNativeTarget;
			buildConfigurationList = 6EE9E92B2684D81C00DA3FE9 /* Build configuration list for PBXNativeTarget "TumblrTests" */;
			buildPhases = (
				6EE9E9102684D81C00DA3FE9 /* Sources */,
				6EE9E9112684D81C00DA3FE9 /* Frameworks */,
				6EE9E9122684D81C00DA3FE9 /* Resources */,
			);
			buildRules = (
			);
			dependencies = (
				6EE9E9162684D81C00DA3FE9 /* PBXTargetDependency */,
			);
			name = TumblrTests;
			productName = TumblrTests;
			productReference = 6EE9E9142684D81C00DA3FE9 /* TumblrTests.xctest */;
			productType = "com.apple.product-type.bundle.unit-test";
		};
		6EE9E91E2684D81C00DA3FE9 /* TumblrUITests */ = {
			isa = PBXNativeTarget;
			buildConfigurationList = 6EE9E92E2684D81C00DA3FE9 /* Build configuration list for PBXNativeTarget "TumblrUITests" */;
			buildPhases = (
				6EE9E91B2684D81C00DA3FE9 /* Sources */,
				6EE9E91C2684D81C00DA3FE9 /* Frameworks */,
				6EE9E91D2684D81C00DA3FE9 /* Resources */,
			);
			buildRules = (
			);
			dependencies = (
				6EE9E9212684D81C00DA3FE9 /* PBXTargetDependency */,
			);
			name = TumblrUITests;
			productName = TumblrUITests;
			productReference = 6EE9E91F2684D81C00DA3FE9 /* TumblrUITests.xctest */;
			productType = "com.apple.product-type.bundle.ui-testing";
		};
/* End PBXNativeTarget section */

/* Begin PBXProject section */
		6EE9E8F12684D81A00DA3FE9 /* Project object */ = {
			isa = PBXProject;
			attributes = {
				LastUpgradeCheck = 1250;
				TargetAttributes = {
					6EE9E8F82684D81A00DA3FE9 = {
						CreatedOnToolsVersion = 12.5;
					};
					6EE9E9132684D81C00DA3FE9 = {
						CreatedOnToolsVersion = 12.5;
						TestTargetID = 6EE9E8F82684D81A00DA3FE9;
					};
					6EE9E91E2684D81C00DA3FE9 = {
						CreatedOnToolsVersion = 12.5;
						TestTargetID = 6EE9E8F82684D81A00DA3FE9;
					};
				};
			};
			buildConfigurationList = 6EE9E8F42684D81A00DA3FE9 /* Build configuration list for PBXProject "Tumblr" */;
			compatibilityVersion = "Xcode 9.3";
			developmentRegion = en;
			hasScannedForEncodings = 0;
			knownRegions = (
				en,
				Base,
			);
			mainGroup = 6EE9E8F02684D81A00DA3FE9;
			productRefGroup = 6EE9E8FA2684D81A00DA3FE9 /* Products */;
			projectDirPath = "";
			projectRoot = "";
			targets = (
				6EE9E8F82684D81A00DA3FE9 /* Tumblr */,
				6EE9E9132684D81C00DA3FE9 /* TumblrTests */,
				6EE9E91E2684D81C00DA3FE9 /* TumblrUITests */,
			);
		};
/* End PBXProject section */

/* Begin PBXResourcesBuildPhase section */
		6EE9E8F72684D81A00DA3FE9 /* Resources */ = {
			isa = PBXResourcesBuildPhase;
			buildActionMask = 2147483647;
			files = (
				6EE9E90C2684D81B00DA3FE9 /* LaunchScreen.storyboard in Resources */,
				6EE9E9092684D81B00DA3FE9 /* Assets.xcassets in Resources */,
				6EE9E9072684D81A00DA3FE9 /* Main.storyboard in Resources */,
			);
			runOnlyForDeploymentPostprocessing = 0;
		};
		6EE9E9122684D81C00DA3FE9 /* Resources */ = {
			isa = PBXResourcesBuildPhase;
			buildActionMask = 2147483647;
			files = (
			);
			runOnlyForDeploymentPostprocessing = 0;
		};
		6EE9E91D2684D81C00DA3FE9 /* Resources */ = {
			isa = PBXResourcesBuildPhase;
			buildActionMask = 2147483647;
			files = (
			);
			runOnlyForDeploymentPostprocessing = 0;
		};
/* End PBXResourcesBuildPhase section */

/* Begin PBXSourcesBuildPhase section */
		6EE9E8F52684D81A00DA3FE9 /* Sources */ = {
			isa = PBXSourcesBuildPhase;
			buildActionMask = 2147483647;
			files = (
				6EE9E9042684D81A00DA3FE9 /* ViewController.m in Sources */,
				6EE9E8FE2684D81A00DA3FE9 /* AppDelegate.m in Sources */,
				6EE9E90F2684D81B00DA3FE9 /* main.m in Sources */,
				6EE9E9012684D81A00DA3FE9 /* SceneDelegate.m in Sources */,
			);
			runOnlyForDeploymentPostprocessing = 0;
		};
		6EE9E9102684D81C00DA3FE9 /* Sources */ = {
			isa = PBXSourcesBuildPhase;
			buildActionMask = 2147483647;
			files = (
				6EE9E9192684D81C00DA3FE9 /* TumblrTests.m in Sources */,
			);
			runOnlyForDeploymentPostprocessing = 0;
		};
		6EE9E91B2684D81C00DA3FE9 /* Sources */ = {
			isa = PBXSourcesBuildPhase;
			buildActionMask = 2147483647;
			files = (
				6EE9E9242684D81C00DA3FE9 /* TumblrUITests.m in Sources */,
			);
			runOnlyForDeploymentPostprocessing = 0;
		};
/* End PBXSourcesBuildPhase section */

/* Begin PBXTargetDependency section */
		6EE9E9162684D81C00DA3FE9 /* PBXTargetDependency */ = {
			isa = PBXTargetDependency;
			target = 6EE9E8F82684D81A00DA3FE9 /* Tumblr */;
			targetProxy = 6EE9E9152684D81C00DA3FE9 /* PBXContainerItemProxy */;
		};
		6EE9E9212684D81C00DA3FE9 /* PBXTargetDependency */ = {
			isa = PBXTargetDependency;
			target = 6EE9E8F82684D81A00DA3FE9 /* Tumblr */;
			targetProxy = 6EE9E9202684D81C00DA3FE9 /* PBXContainerItemProxy */;
		};
/* End PBXTargetDependency section */

/* Begin PBXVariantGroup section */
		6EE9E9052684D81A00DA3FE9 /* Main.storyboard */ = {
			isa = PBXVariantGroup;
			children = (
				6EE9E9062684D81A00DA3FE9 /* Base */,
			);
			name = Main.storyboard;
			sourceTree = "<group>";
		};
		6EE9E90A2684D81B00DA3FE9 /* LaunchScreen.storyboard */ = {
			isa = PBXVariantGroup;
			children = (
				6EE9E90B2684D81B00DA3FE9 /* Base */,
			);
			name = LaunchScreen.storyboard;
			sourceTree = "<group>";
		};
/* End PBXVariantGroup section */

/* Begin XCBuildConfiguration section */
		6EE9E9262684D81C00DA3FE9 /* Debug */ = {
			isa = XCBuildConfiguration;
			buildSettings = {
				ALWAYS_SEARCH_USER_PATHS = NO;
				CLANG_ANALYZER_NONNULL = YES;
				CLANG_ANALYZER_NUMBER_OBJECT_CONVERSION = YES_AGGRESSIVE;
				CLANG_CXX_LANGUAGE_STANDARD = "gnu++14";
				CLANG_CXX_LIBRARY = "libc++";
				CLANG_ENABLE_MODULES = YES;
				CLANG_ENABLE_OBJC_ARC = YES;
				CLANG_ENABLE_OBJC_WEAK = YES;
				CLANG_WARN_BLOCK_CAPTURE_AUTORELEASING = YES;
				CLANG_WARN_BOOL_CONVERSION = YES;
				CLANG_WARN_COMMA = YES;
				CLANG_WARN_CONSTANT_CONVERSION = YES;
				CLANG_WARN_DEPRECATED_OBJC_IMPLEMENTATIONS = YES;
				CLANG_WARN_DIRECT_OBJC_ISA_USAGE = YES_ERROR;
				CLANG_WARN_DOCUMENTATION_COMMENTS = YES;
				CLANG_WARN_EMPTY_BODY = YES;
				CLANG_WARN_ENUM_CONVERSION = YES;
				CLANG_WARN_INFINITE_RECURSION = YES;
				CLANG_WARN_INT_CONVERSION = YES;
				CLANG_WARN_NON_LITERAL_NULL_CONVERSION = YES;
				CLANG_WARN_OBJC_IMPLICIT_RETAIN_SELF = YES;
				CLANG_WARN_OBJC_LITERAL_CONVERSION = YES;
				CLANG_WARN_OBJC_ROOT_CLASS = YES_ERROR;
				CLANG_WARN_QUOTED_INCLUDE_IN_FRAMEWORK_HEADER = YES;
				CLANG_WARN_RANGE_LOOP_ANALYSIS = YES;
				CLANG_WARN_STRICT_PROTOTYPES = YES;
				CLANG_WARN_SUSPICIOUS_MOVE = YES;
				CLANG_WARN_UNGUARDED_AVAILABILITY = YES_AGGRESSIVE;
				CLANG_WARN_UNREACHABLE_CODE = YES;
				CLANG_WARN__DUPLICATE_METHOD_MATCH = YES;
				COPY_PHASE_STRIP = NO;
				DEBUG_INFORMATION_FORMAT = dwarf;
				ENABLE_STRICT_OBJC_MSGSEND = YES;
				ENABLE_TESTABILITY = YES;
				GCC_C_LANGUAGE_STANDARD = gnu11;
				GCC_DYNAMIC_NO_PIC = NO;
				GCC_NO_COMMON_BLOCKS = YES;
				GCC_OPTIMIZATION_LEVEL = 0;
				GCC_PREPROCESSOR_DEFINITIONS = (
					"DEBUG=1",
					"$(inherited)",
				);
				GCC_WARN_64_TO_32_BIT_CONVERSION = YES;
				GCC_WARN_ABOUT_RETURN_TYPE = YES_ERROR;
				GCC_WARN_UNDECLARED_SELECTOR = YES;
				GCC_WARN_UNINITIALIZED_AUTOS = YES_AGGRESSIVE;
				GCC_WARN_UNUSED_FUNCTION = YES;
				GCC_WARN_UNUSED_VARIABLE = YES;
				IPHONEOS_DEPLOYMENT_TARGET = 14.5;
				MTL_ENABLE_DEBUG_INFO = INCLUDE_SOURCE;
				MTL_FAST_MATH = YES;
				ONLY_ACTIVE_ARCH = YES;
				SDKROOT = iphoneos;
			};
			name = Debug;
		};
		6EE9E9272684D81C00DA3FE9 /* Release */ = {
			isa = XCBuildConfiguration;
			buildSettings = {
				ALWAYS_SEARCH_USER_PATHS = NO;
				CLANG_ANALYZER_NONNULL = YES;
				CLANG_ANALYZER_NUMBER_OBJECT_CONVERSION = YES_AGGRESSIVE;
				CLANG_CXX_LANGUAGE_STANDARD = "gnu++14";
				CLANG_CXX_LIBRARY = "libc++";
				CLANG_ENABLE_MODULES = YES;
				CLANG_ENABLE_OBJC_ARC = YES;
				CLANG_ENABLE_OBJC_WEAK = YES;
				CLANG_WARN_BLOCK_CAPTURE_AUTORELEASING = YES;
				CLANG_WARN_BOOL_CONVERSION = YES;
				CLANG_WARN_COMMA = YES;
				CLANG_WARN_CONSTANT_CONVERSION = YES;
				CLANG_WARN_DEPRECATED_OBJC_IMPLEMENTATIONS = YES;
				CLANG_WARN_DIRECT_OBJC_ISA_USAGE = YES_ERROR;
				CLANG_WARN_DOCUMENTATION_COMMENTS = YES;
				CLANG_WARN_EMPTY_BODY = YES;
				CLANG_WARN_ENUM_CONVERSION = YES;
				CLANG_WARN_INFINITE_RECURSION = YES;
				CLANG_WARN_INT_CONVERSION = YES;
				CLANG_WARN_NON_LITERAL_NULL_CONVERSION = YES;
				CLANG_WARN_OBJC_IMPLICIT_RETAIN_SELF = YES;
				CLANG_WARN_OBJC_LITERAL_CONVERSION = YES;
				CLANG_WARN_OBJC_ROOT_CLASS = YES_ERROR;
				CLANG_WARN_QUOTED_INCLUDE_IN_FRAMEWORK_HEADER = YES;
				CLANG_WARN_RANGE_LOOP_ANALYSIS = YES;
				CLANG_WARN_STRICT_PROTOTYPES = YES;
				CLANG_WARN_SUSPICIOUS_MOVE = YES;
				CLANG_WARN_UNGUARDED_AVAILABILITY = YES_AGGRESSIVE;
				CLANG_WARN_UNREACHABLE_CODE = YES;
				CLANG_WARN__DUPLICATE_METHOD_MATCH = YES;
				COPY_PHASE_STRIP = NO;
				DEBUG_INFORMATION_FORMAT = "dwarf-with-dsym";
				ENABLE_NS_ASSERTIONS = NO;
				ENABLE_STRICT_OBJC_MSGSEND = YES;
				GCC_C_LANGUAGE_STANDARD = gnu11;
				GCC_NO_COMMON_BLOCKS = YES;
				GCC_WARN_64_TO_32_BIT_CONVERSION = YES;
				GCC_WARN_ABOUT_RETURN_TYPE = YES_ERROR;
				GCC_WARN_UNDECLARED_SELECTOR = YES;
				GCC_WARN_UNINITIALIZED_AUTOS = YES_AGGRESSIVE;
				GCC_WARN_UNUSED_FUNCTION = YES;
				GCC_WARN_UNUSED_VARIABLE = YES;
				IPHONEOS_DEPLOYMENT_TARGET = 14.5;
				MTL_ENABLE_DEBUG_INFO = NO;
				MTL_FAST_MATH = YES;
				SDKROOT = iphoneos;
				VALIDATE_PRODUCT = YES;
			};
			name = Release;
		};
		6EE9E9292684D81C00DA3FE9 /* Debug */ = {
			isa = XCBuildConfiguration;
			buildSettings = {
				ASSETCATALOG_COMPILER_APPICON_NAME = AppIcon;
				ASSETCATALOG_COMPILER_GLOBAL_ACCENT_COLOR_NAME = AccentColor;
				CODE_SIGN_STYLE = Automatic;
				DEVELOPMENT_TEAM = M35Y5F744J;
				INFOPLIST_FILE = Tumblr/Info.plist;
				LD_RUNPATH_SEARCH_PATHS = (
					"$(inherited)",
					"@executable_path/Frameworks",
				);
				PRODUCT_BUNDLE_IDENTIFIER = com.dylanfdl.Tumblr;
				PRODUCT_NAME = "$(TARGET_NAME)";
				TARGETED_DEVICE_FAMILY = "1,2";
			};
			name = Debug;
		};
		6EE9E92A2684D81C00DA3FE9 /* Release */ = {
			isa = XCBuildConfiguration;
			buildSettings = {
				ASSETCATALOG_COMPILER_APPICON_NAME = AppIcon;
				ASSETCATALOG_COMPILER_GLOBAL_ACCENT_COLOR_NAME = AccentColor;
				CODE_SIGN_STYLE = Automatic;
				DEVELOPMENT_TEAM = M35Y5F744J;
				INFOPLIST_FILE = Tumblr/Info.plist;
				LD_RUNPATH_SEARCH_PATHS = (
					"$(inherited)",
					"@executable_path/Frameworks",
				);
				PRODUCT_BUNDLE_IDENTIFIER = com.dylanfdl.Tumblr;
				PRODUCT_NAME = "$(TARGET_NAME)";
				TARGETED_DEVICE_FAMILY = "1,2";
			};
			name = Release;
		};
		6EE9E92C2684D81C00DA3FE9 /* Debug */ = {
			isa = XCBuildConfiguration;
			buildSettings = {
				BUNDLE_LOADER = "$(TEST_HOST)";
				CODE_SIGN_STYLE = Automatic;
				DEVELOPMENT_TEAM = M35Y5F744J;
				INFOPLIST_FILE = TumblrTests/Info.plist;
				IPHONEOS_DEPLOYMENT_TARGET = 14.5;
				LD_RUNPATH_SEARCH_PATHS = (
					"$(inherited)",
					"@executable_path/Frameworks",
					"@loader_path/Frameworks",
				);
				PRODUCT_BUNDLE_IDENTIFIER = com.dylanfdl.TumblrTests;
				PRODUCT_NAME = "$(TARGET_NAME)";
				TARGETED_DEVICE_FAMILY = "1,2";
				TEST_HOST = "$(BUILT_PRODUCTS_DIR)/Tumblr.app/Tumblr";
			};
			name = Debug;
		};
		6EE9E92D2684D81C00DA3FE9 /* Release */ = {
			isa = XCBuildConfiguration;
			buildSettings = {
				BUNDLE_LOADER = "$(TEST_HOST)";
				CODE_SIGN_STYLE = Automatic;
				DEVELOPMENT_TEAM = M35Y5F744J;
				INFOPLIST_FILE = TumblrTests/Info.plist;
				IPHONEOS_DEPLOYMENT_TARGET = 14.5;
				LD_RUNPATH_SEARCH_PATHS = (
					"$(inherited)",
					"@executable_path/Frameworks",
					"@loader_path/Frameworks",
				);
				PRODUCT_BUNDLE_IDENTIFIER = com.dylanfdl.TumblrTests;
				PRODUCT_NAME = "$(TARGET_NAME)";
				TARGETED_DEVICE_FAMILY = "1,2";
				TEST_HOST = "$(BUILT_PRODUCTS_DIR)/Tumblr.app/Tumblr";
			};
			name = Release;
		};
		6EE9E92F2684D81C00DA3FE9 /* Debug */ = {
			isa = XCBuildConfiguration;
			buildSettings = {
				CODE_SIGN_STYLE = Automatic;
				DEVELOPMENT_TEAM = M35Y5F744J;
				INFOPLIST_FILE = TumblrUITests/Info.plist;
				LD_RUNPATH_SEARCH_PATHS = (
					"$(inherited)",
					"@executable_path/Frameworks",
					"@loader_path/Frameworks",
				);
				PRODUCT_BUNDLE_IDENTIFIER = com.dylanfdl.TumblrUITests;
				PRODUCT_NAME = "$(TARGET_NAME)";
				TARGETED_DEVICE_FAMILY = "1,2";
				TEST_TARGET_NAME = Tumblr;
			};
			name = Debug;
		};
		6EE9E9302684D81C00DA3FE9 /* Release */ = {
			isa = XCBuildConfiguration;
			buildSettings = {
				CODE_SIGN_STYLE = Automatic;
				DEVELOPMENT_TEAM = M35Y5F744J;
				INFOPLIST_FILE = TumblrUITests/Info.plist;
				LD_RUNPATH_SEARCH_PATHS = (
					"$(inherited)",
					"@executable_path/Frameworks",
					"@loader_path/Frameworks",
				);
				PRODUCT_BUNDLE_IDENTIFIER = com.dylanfdl.TumblrUITests;
				PRODUCT_NAME = "$(TARGET_NAME)";
				TARGETED_DEVICE_FAMILY = "1,2";
				TEST_TARGET_NAME = Tumblr;
			};
			name = Release;
		};
/* End XCBuildConfiguration section */

/* Begin XCConfigurationList section */
		6EE9E8F42684D81A00DA3FE9 /* Build configuration list for PBXProject "Tumblr" */ = {
			isa = XCConfigurationList;
			buildConfigurations = (
				6EE9E9262684D81C00DA3FE9 /* Debug */,
				6EE9E9272684D81C00DA3FE9 /* Release */,
			);
			defaultConfigurationIsVisible = 0;
			defaultConfigurationName = Release;
		};
		6EE9E9282684D81C00DA3FE9 /* Build configuration list for PBXNativeTarget "Tumblr" */ = {
			isa = XCConfigurationList;
			buildConfigurations = (
				6EE9E9292684D81C00DA3FE9 /* Debug */,
				6EE9E92A2684D81C00DA3FE9 /* Release */,
			);
			defaultConfigurationIsVisible = 0;
			defaultConfigurationName = Release;
		};
		6EE9E92B2684D81C00DA3FE9 /* Build configuration list for PBXNativeTarget "TumblrTests" */ = {
			isa = XCConfigurationList;
			buildConfigurations = (
				6EE9E92C2684D81C00DA3FE9 /* Debug */,
				6EE9E92D2684D81C00DA3FE9 /* Release */,
			);
			defaultConfigurationIsVisible = 0;
			defaultConfigurationName = Release;
		};
		6EE9E92E2684D81C00DA3FE9 /* Build configuration list for PBXNativeTarget "TumblrUITests" */ = {
			isa = XCConfigurationList;
			buildConfigurations = (
				6EE9E92F2684D81C00DA3FE9 /* Debug */,
				6EE9E9302684D81C00DA3FE9 /* Release */,
			);
			defaultConfigurationIsVisible = 0;
			defaultConfigurationName = Release;
		};
/* End XCConfigurationList section */
	};
	rootObject = 6EE9E8F12684D81A00DA3FE9 /* Project object */;
}
